// !$*UTF8*$!
{
	archiveVersion = 1;
	classes = {
	};
	objectVersion = 46;
	objects = {

/* Begin PBXBuildFile section */
		A4AC973C1F25AFDA002A376B /* main.m in Sources */ = {isa = PBXBuildFile; fileRef = A4AC973B1F25AFDA002A376B /* main.m */; };
		A4AC973F1F25AFDA002A376B /* AppDelegate.m in Sources */ = {isa = PBXBuildFile; fileRef = A4AC973E1F25AFDA002A376B /* AppDelegate.m */; };
		A4AC97421F25AFDA002A376B /* ViewController.m in Sources */ = {isa = PBXBuildFile; fileRef = A4AC97411F25AFDA002A376B /* ViewController.m */; };
		A4AC97451F25AFDA002A376B /* Main.storyboard in Resources */ = {isa = PBXBuildFile; fileRef = A4AC97431F25AFDA002A376B /* Main.storyboard */; };
		A4AC97471F25AFDA002A376B /* Assets.xcassets in Resources */ = {isa = PBXBuildFile; fileRef = A4AC97461F25AFDA002A376B /* Assets.xcassets */; };
		A4AC974A1F25AFDA002A376B /* LaunchScreen.storyboard in Resources */ = {isa = PBXBuildFile; fileRef = A4AC97481F25AFDA002A376B /* LaunchScreen.storyboard */; };
		A4AC97521F25D57C002A376B /* GoogleService-Info.plist in Resources */ = {isa = PBXBuildFile; fileRef = A4AC97511F25D57C002A376B /* GoogleService-Info.plist */; };
		A4AC97F71F40F2C0002A376B /* MasterViewController.m in Sources */ = {isa = PBXBuildFile; fileRef = A4AC97EF1F40F2C0002A376B /* MasterViewController.m */; };
		A4AC97F81F40F2C0002A376B /* News.storyboard in Resources */ = {isa = PBXBuildFile; fileRef = A4AC97F01F40F2C0002A376B /* News.storyboard */; };
		A4AC97F91F40F2C0002A376B /* NewsItem.m in Sources */ = {isa = PBXBuildFile; fileRef = A4AC97F21F40F2C0002A376B /* NewsItem.m */; };
		A4AC97FA1F40F2C0002A376B /* Reachability.m in Sources */ = {isa = PBXBuildFile; fileRef = A4AC97F41F40F2C0002A376B /* Reachability.m */; };
		A4AC97FB1F40F2C0002A376B /* RSSParserDelegate.m in Sources */ = {isa = PBXBuildFile; fileRef = A4AC97F61F40F2C0002A376B /* RSSParserDelegate.m */; };
		A4AC97FF1F40F691002A376B /* DetailViewController.m in Sources */ = {isa = PBXBuildFile; fileRef = A4AC97FE1F40F691002A376B /* DetailViewController.m */; };
		A4AC98091F419938002A376B /* MapViewController.m in Sources */ = {isa = PBXBuildFile; fileRef = A4AC98081F419938002A376B /* MapViewController.m */; };
		A4AC980C1F419955002A376B /* MyViewController.m in Sources */ = {isa = PBXBuildFile; fileRef = A4AC980B1F419955002A376B /* MyViewController.m */; };
		A4F740B01F41CECA00949287 /* PushPhoto.m in Sources */ = {isa = PBXBuildFile; fileRef = A4F740AF1F41CECA00949287 /* PushPhoto.m */; };
		A4F740B31F41CF1200949287 /* GetPhoto.m in Sources */ = {isa = PBXBuildFile; fileRef = A4F740B21F41CF1200949287 /* GetPhoto.m */; };
		A4F740B81F41D72800949287 /* StyleViewController.m in Sources */ = {isa = PBXBuildFile; fileRef = A4F740B71F41D72800949287 /* StyleViewController.m */; };
		A4F7414F1F468A5100949287 /* StyleViewCell.m in Sources */ = {isa = PBXBuildFile; fileRef = A4F7414E1F468A5100949287 /* StyleViewCell.m */; };
		A4F741551F55A9D400949287 /* User.storyboard in Resources */ = {isa = PBXBuildFile; fileRef = A4F741541F55A9D400949287 /* User.storyboard */; };
		A4F741581F55ACF800949287 /* MyTableViewController.m in Sources */ = {isa = PBXBuildFile; fileRef = A4F741571F55ACF800949287 /* MyTableViewController.m */; };
		A4F7415B1F55AE0200949287 /* MyTableViewCell.m in Sources */ = {isa = PBXBuildFile; fileRef = A4F7415A1F55AE0200949287 /* MyTableViewCell.m */; };
		B2EC88BA3ABF4A3677B14135 /* libPods-MLHair.a in Frameworks */ = {isa = PBXBuildFile; fileRef = 8B6D47F66E92AF32F2CFFE40 /* libPods-MLHair.a */; };
/* End PBXBuildFile section */

/* Begin PBXFileReference section */
		4A606BEE648606EF106F4E30 /* Pods-MLHair.release.xcconfig */ = {isa = PBXFileReference; includeInIndex = 1; lastKnownFileType = text.xcconfig; name = "Pods-MLHair.release.xcconfig"; path = "Pods/Target Support Files/Pods-MLHair/Pods-MLHair.release.xcconfig"; sourceTree = "<group>"; };
		72710AD18279D973399A25D9 /* Pods-MLHair.debug.xcconfig */ = {isa = PBXFileReference; includeInIndex = 1; lastKnownFileType = text.xcconfig; name = "Pods-MLHair.debug.xcconfig"; path = "Pods/Target Support Files/Pods-MLHair/Pods-MLHair.debug.xcconfig"; sourceTree = "<group>"; };
		8B6D47F66E92AF32F2CFFE40 /* libPods-MLHair.a */ = {isa = PBXFileReference; explicitFileType = archive.ar; includeInIndex = 0; path = "libPods-MLHair.a"; sourceTree = BUILT_PRODUCTS_DIR; };
		A4AC97371F25AFDA002A376B /* MLHair.app */ = {isa = PBXFileReference; explicitFileType = wrapper.application; includeInIndex = 0; path = MLHair.app; sourceTree = BUILT_PRODUCTS_DIR; };
		A4AC973B1F25AFDA002A376B /* main.m */ = {isa = PBXFileReference; lastKnownFileType = sourcecode.c.objc; path = main.m; sourceTree = "<group>"; };
		A4AC973D1F25AFDA002A376B /* AppDelegate.h */ = {isa = PBXFileReference; lastKnownFileType = sourcecode.c.h; path = AppDelegate.h; sourceTree = "<group>"; };
		A4AC973E1F25AFDA002A376B /* AppDelegate.m */ = {isa = PBXFileReference; lastKnownFileType = sourcecode.c.objc; path = AppDelegate.m; sourceTree = "<group>"; };
		A4AC97401F25AFDA002A376B /* ViewController.h */ = {isa = PBXFileReference; lastKnownFileType = sourcecode.c.h; path = ViewController.h; sourceTree = "<group>"; };
		A4AC97411F25AFDA002A376B /* ViewController.m */ = {isa = PBXFileReference; lastKnownFileType = sourcecode.c.objc; path = ViewController.m; sourceTree = "<group>"; };
		A4AC97441F25AFDA002A376B /* Base */ = {isa = PBXFileReference; lastKnownFileType = file.storyboard; name = Base; path = Base.lproj/Main.storyboard; sourceTree = "<group>"; };
		A4AC97461F25AFDA002A376B /* Assets.xcassets */ = {isa = PBXFileReference; lastKnownFileType = folder.assetcatalog; path = Assets.xcassets; sourceTree = "<group>"; };
		A4AC97491F25AFDA002A376B /* Base */ = {isa = PBXFileReference; lastKnownFileType = file.storyboard; name = Base; path = Base.lproj/LaunchScreen.storyboard; sourceTree = "<group>"; };
		A4AC974B1F25AFDA002A376B /* Info.plist */ = {isa = PBXFileReference; lastKnownFileType = text.plist.xml; path = Info.plist; sourceTree = "<group>"; };
		A4AC97511F25D57C002A376B /* GoogleService-Info.plist */ = {isa = PBXFileReference; fileEncoding = 4; lastKnownFileType = text.plist.xml; path = "GoogleService-Info.plist"; sourceTree = "<group>"; };
		A4AC97C11F383A70002A376B /* WebKit.framework */ = {isa = PBXFileReference; lastKnownFileType = wrapper.framework; name = WebKit.framework; path = System/Library/Frameworks/WebKit.framework; sourceTree = SDKROOT; };
		A4AC97C31F383A78002A376B /* SystemConfiguration.framework */ = {isa = PBXFileReference; lastKnownFileType = wrapper.framework; name = SystemConfiguration.framework; path = System/Library/Frameworks/SystemConfiguration.framework; sourceTree = SDKROOT; };
		A4AC97EE1F40F2C0002A376B /* MasterViewController.h */ = {isa = PBXFileReference; fileEncoding = 4; lastKnownFileType = sourcecode.c.h; path = MasterViewController.h; sourceTree = "<group>"; };
		A4AC97EF1F40F2C0002A376B /* MasterViewController.m */ = {isa = PBXFileReference; fileEncoding = 4; lastKnownFileType = sourcecode.c.objc; path = MasterViewController.m; sourceTree = "<group>"; };
		A4AC97F01F40F2C0002A376B /* News.storyboard */ = {isa = PBXFileReference; fileEncoding = 4; lastKnownFileType = file.storyboard; path = News.storyboard; sourceTree = "<group>"; };
		A4AC97F11F40F2C0002A376B /* NewsItem.h */ = {isa = PBXFileReference; fileEncoding = 4; lastKnownFileType = sourcecode.c.h; path = NewsItem.h; sourceTree = "<group>"; };
		A4AC97F21F40F2C0002A376B /* NewsItem.m */ = {isa = PBXFileReference; fileEncoding = 4; lastKnownFileType = sourcecode.c.objc; path = NewsItem.m; sourceTree = "<group>"; };
		A4AC97F31F40F2C0002A376B /* Reachability.h */ = {isa = PBXFileReference; fileEncoding = 4; lastKnownFileType = sourcecode.c.h; path = Reachability.h; sourceTree = "<group>"; };
		A4AC97F41F40F2C0002A376B /* Reachability.m */ = {isa = PBXFileReference; fileEncoding = 4; lastKnownFileType = sourcecode.c.objc; path = Reachability.m; sourceTree = "<group>"; };
		A4AC97F51F40F2C0002A376B /* RSSParserDelegate.h */ = {isa = PBXFileReference; fileEncoding = 4; lastKnownFileType = sourcecode.c.h; path = RSSParserDelegate.h; sourceTree = "<group>"; };
		A4AC97F61F40F2C0002A376B /* RSSParserDelegate.m */ = {isa = PBXFileReference; fileEncoding = 4; lastKnownFileType = sourcecode.c.objc; path = RSSParserDelegate.m; sourceTree = "<group>"; };
		A4AC97FD1F40F691002A376B /* DetailViewController.h */ = {isa = PBXFileReference; fileEncoding = 4; lastKnownFileType = sourcecode.c.h; path = DetailViewController.h; sourceTree = "<group>"; };
		A4AC97FE1F40F691002A376B /* DetailViewController.m */ = {isa = PBXFileReference; fileEncoding = 4; lastKnownFileType = sourcecode.c.objc; path = DetailViewController.m; sourceTree = "<group>"; };
		A4AC98071F419938002A376B /* MapViewController.h */ = {isa = PBXFileReference; fileEncoding = 4; lastKnownFileType = sourcecode.c.h; path = MapViewController.h; sourceTree = "<group>"; };
		A4AC98081F419938002A376B /* MapViewController.m */ = {isa = PBXFileReference; fileEncoding = 4; lastKnownFileType = sourcecode.c.objc; path = MapViewController.m; sourceTree = "<group>"; };
		A4AC980A1F419955002A376B /* MyViewController.h */ = {isa = PBXFileReference; fileEncoding = 4; lastKnownFileType = sourcecode.c.h; path = MyViewController.h; sourceTree = "<group>"; };
		A4AC980B1F419955002A376B /* MyViewController.m */ = {isa = PBXFileReference; fileEncoding = 4; lastKnownFileType = sourcecode.c.objc; path = MyViewController.m; sourceTree = "<group>"; };
		A4F740AE1F41CEC900949287 /* PushPhoto.h */ = {isa = PBXFileReference; fileEncoding = 4; lastKnownFileType = sourcecode.c.h; path = PushPhoto.h; sourceTree = "<group>"; };
		A4F740AF1F41CECA00949287 /* PushPhoto.m */ = {isa = PBXFileReference; fileEncoding = 4; lastKnownFileType = sourcecode.c.objc; path = PushPhoto.m; sourceTree = "<group>"; };
		A4F740B11F41CF1200949287 /* GetPhoto.h */ = {isa = PBXFileReference; fileEncoding = 4; lastKnownFileType = sourcecode.c.h; path = GetPhoto.h; sourceTree = "<group>"; };
		A4F740B21F41CF1200949287 /* GetPhoto.m */ = {isa = PBXFileReference; fileEncoding = 4; lastKnownFileType = sourcecode.c.objc; path = GetPhoto.m; sourceTree = "<group>"; };
		A4F740B61F41D72800949287 /* StyleViewController.h */ = {isa = PBXFileReference; fileEncoding = 4; lastKnownFileType = sourcecode.c.h; path = StyleViewController.h; sourceTree = "<group>"; };
		A4F740B71F41D72800949287 /* StyleViewController.m */ = {isa = PBXFileReference; fileEncoding = 4; lastKnownFileType = sourcecode.c.objc; path = StyleViewController.m; sourceTree = "<group>"; };
		A4F740B91F43A4C200949287 /* MLHair-Bridging-Header.h */ = {isa = PBXFileReference; lastKnownFileType = sourcecode.c.h; path = "MLHair-Bridging-Header.h"; sourceTree = "<group>"; };
		A4F7414D1F468A5100949287 /* StyleViewCell.h */ = {isa = PBXFileReference; fileEncoding = 4; lastKnownFileType = sourcecode.c.h; path = StyleViewCell.h; sourceTree = "<group>"; };
		A4F7414E1F468A5100949287 /* StyleViewCell.m */ = {isa = PBXFileReference; fileEncoding = 4; lastKnownFileType = sourcecode.c.objc; path = StyleViewCell.m; sourceTree = "<group>"; };
		A4F741541F55A9D400949287 /* User.storyboard */ = {isa = PBXFileReference; fileEncoding = 4; lastKnownFileType = file.storyboard; path = User.storyboard; sourceTree = "<group>"; };
		A4F741561F55ACF800949287 /* MyTableViewController.h */ = {isa = PBXFileReference; fileEncoding = 4; lastKnownFileType = sourcecode.c.h; path = MyTableViewController.h; sourceTree = "<group>"; };
		A4F741571F55ACF800949287 /* MyTableViewController.m */ = {isa = PBXFileReference; fileEncoding = 4; lastKnownFileType = sourcecode.c.objc; path = MyTableViewController.m; sourceTree = "<group>"; };
		A4F741591F55AE0200949287 /* MyTableViewCell.h */ = {isa = PBXFileReference; fileEncoding = 4; lastKnownFileType = sourcecode.c.h; path = MyTableViewCell.h; sourceTree = "<group>"; };
		A4F7415A1F55AE0200949287 /* MyTableViewCell.m */ = {isa = PBXFileReference; fileEncoding = 4; lastKnownFileType = sourcecode.c.objc; path = MyTableViewCell.m; sourceTree = "<group>"; };
/* End PBXFileReference section */

/* Begin PBXFrameworksBuildPhase section */
		A4AC97341F25AFDA002A376B /* Frameworks */ = {
			isa = PBXFrameworksBuildPhase;
			buildActionMask = 2147483647;
			files = (
				B2EC88BA3ABF4A3677B14135 /* libPods-MLHair.a in Frameworks */,
			);
			runOnlyForDeploymentPostprocessing = 0;
		};
/* End PBXFrameworksBuildPhase section */

/* Begin PBXGroup section */
		9A968BCC8B37D02FD85D010F /* Pods */ = {
			isa = PBXGroup;
			children = (
				72710AD18279D973399A25D9 /* Pods-MLHair.debug.xcconfig */,
				4A606BEE648606EF106F4E30 /* Pods-MLHair.release.xcconfig */,
			);
			name = Pods;
			sourceTree = "<group>";
		};
		A4AC972E1F25AFDA002A376B = {
			isa = PBXGroup;
			children = (
				A4AC97391F25AFDA002A376B /* MLHair */,
				A4AC97381F25AFDA002A376B /* Products */,
				9A968BCC8B37D02FD85D010F /* Pods */,
				B70035D5C6DCC78829FBEF18 /* Frameworks */,
			);
			sourceTree = "<group>";
		};
		A4AC97381F25AFDA002A376B /* Products */ = {
			isa = PBXGroup;
			children = (
				A4AC97371F25AFDA002A376B /* MLHair.app */,
			);
			name = Products;
			sourceTree = "<group>";
		};
		A4AC97391F25AFDA002A376B /* MLHair */ = {
			isa = PBXGroup;
			children = (
				A4D97F121F5D5AA500D37FD7 /* Designer */,
				A4F740B51F41CFD100949287 /* User */,
				A4F740B41F41CFAB00949287 /* Style */,
				A4AC98011F413ED7002A376B /* Map */,
				A4AC98001F413E9D002A376B /* News */,
				A4AC97551F25D63E002A376B /* Controller */,
				A4AC97541F25D62F002A376B /* View */,
				A4AC97531F25D623002A376B /* Model */,
				A4AC973D1F25AFDA002A376B /* AppDelegate.h */,
				A4AC973E1F25AFDA002A376B /* AppDelegate.m */,
				A4AC97401F25AFDA002A376B /* ViewController.h */,
				A4AC97411F25AFDA002A376B /* ViewController.m */,
				A4AC97431F25AFDA002A376B /* Main.storyboard */,
				A4AC98071F419938002A376B /* MapViewController.h */,
				A4AC98081F419938002A376B /* MapViewController.m */,
				A4AC97461F25AFDA002A376B /* Assets.xcassets */,
				A4AC97481F25AFDA002A376B /* LaunchScreen.storyboard */,
				A4AC97511F25D57C002A376B /* GoogleService-Info.plist */,
				A4AC974B1F25AFDA002A376B /* Info.plist */,
				A4AC973A1F25AFDA002A376B /* Supporting Files */,
				A4F740B91F43A4C200949287 /* MLHair-Bridging-Header.h */,
			);
			path = MLHair;
			sourceTree = "<group>";
		};
		A4AC973A1F25AFDA002A376B /* Supporting Files */ = {
			isa = PBXGroup;
			children = (
				A4AC973B1F25AFDA002A376B /* main.m */,
			);
			name = "Supporting Files";
			sourceTree = "<group>";
		};
		A4AC97531F25D623002A376B /* Model */ = {
			isa = PBXGroup;
			children = (
			);
			name = Model;
			sourceTree = "<group>";
		};
		A4AC97541F25D62F002A376B /* View */ = {
			isa = PBXGroup;
			children = (
			);
			name = View;
			sourceTree = "<group>";
		};
		A4AC97551F25D63E002A376B /* Controller */ = {
			isa = PBXGroup;
			children = (
			);
			name = Controller;
			sourceTree = "<group>";
		};
		A4AC98001F413E9D002A376B /* News */ = {
			isa = PBXGroup;
			children = (
				A4AC97EE1F40F2C0002A376B /* MasterViewController.h */,
				A4AC97EF1F40F2C0002A376B /* MasterViewController.m */,
				A4AC97FD1F40F691002A376B /* DetailViewController.h */,
				A4AC97FE1F40F691002A376B /* DetailViewController.m */,
				A4AC97F01F40F2C0002A376B /* News.storyboard */,
				A4AC97F11F40F2C0002A376B /* NewsItem.h */,
				A4AC97F21F40F2C0002A376B /* NewsItem.m */,
				A4AC97F31F40F2C0002A376B /* Reachability.h */,
				A4AC97F41F40F2C0002A376B /* Reachability.m */,
				A4AC97F51F40F2C0002A376B /* RSSParserDelegate.h */,
				A4AC97F61F40F2C0002A376B /* RSSParserDelegate.m */,
			);
			name = News;
			sourceTree = "<group>";
		};
		A4AC98011F413ED7002A376B /* Map */ = {
			isa = PBXGroup;
			children = (
			);
			name = Map;
			sourceTree = "<group>";
		};
		A4D97F121F5D5AA500D37FD7 /* Designer */ = {
			isa = PBXGroup;
			children = (
			);
			name = Designer;
			sourceTree = "<group>";
		};
		A4F740B41F41CFAB00949287 /* Style */ = {
			isa = PBXGroup;
			children = (
				A4F740B61F41D72800949287 /* StyleViewController.h */,
				A4F740B71F41D72800949287 /* StyleViewController.m */,
				A4F7414D1F468A5100949287 /* StyleViewCell.h */,
				A4F7414E1F468A5100949287 /* StyleViewCell.m */,
				A4F740AE1F41CEC900949287 /* PushPhoto.h */,
				A4F740AF1F41CECA00949287 /* PushPhoto.m */,
				A4F740B11F41CF1200949287 /* GetPhoto.h */,
				A4F740B21F41CF1200949287 /* GetPhoto.m */,
			);
			name = Style;
			sourceTree = "<group>";
		};
		A4F740B51F41CFD100949287 /* User */ = {
			isa = PBXGroup;
			children = (
				A4AC980A1F419955002A376B /* MyViewController.h */,
				A4AC980B1F419955002A376B /* MyViewController.m */,
				A4F741541F55A9D400949287 /* User.storyboard */,
				A4F741591F55AE0200949287 /* MyTableViewCell.h */,
				A4F7415A1F55AE0200949287 /* MyTableViewCell.m */,
				A4F741561F55ACF800949287 /* MyTableViewController.h */,
				A4F741571F55ACF800949287 /* MyTableViewController.m */,
			);
			name = User;
			sourceTree = "<group>";
		};
		B70035D5C6DCC78829FBEF18 /* Frameworks */ = {
			isa = PBXGroup;
			children = (
				A4AC97C31F383A78002A376B /* SystemConfiguration.framework */,
				A4AC97C11F383A70002A376B /* WebKit.framework */,
				8B6D47F66E92AF32F2CFFE40 /* libPods-MLHair.a */,
			);
			name = Frameworks;
			sourceTree = "<group>";
		};
/* End PBXGroup section */

/* Begin PBXNativeTarget section */
		A4AC97361F25AFDA002A376B /* MLHair */ = {
			isa = PBXNativeTarget;
			buildConfigurationList = A4AC974E1F25AFDA002A376B /* Build configuration list for PBXNativeTarget "MLHair" */;
			buildPhases = (
				6C4A5E4F40C94C0AEA2C745F /* [CP] Check Pods Manifest.lock */,
				A4AC97331F25AFDA002A376B /* Sources */,
				A4AC97341F25AFDA002A376B /* Frameworks */,
				A4AC97351F25AFDA002A376B /* Resources */,
				ED3028DFDCBBA65F91DF9010 /* [CP] Embed Pods Frameworks */,
				B911816C461307AFD24ED90D /* [CP] Copy Pods Resources */,
			);
			buildRules = (
			);
			dependencies = (
			);
			name = MLHair;
			productName = MLHair;
			productReference = A4AC97371F25AFDA002A376B /* MLHair.app */;
			productType = "com.apple.product-type.application";
		};
/* End PBXNativeTarget section */

/* Begin PBXProject section */
		A4AC972F1F25AFDA002A376B /* Project object */ = {
			isa = PBXProject;
			attributes = {
				LastUpgradeCheck = 0830;
				ORGANIZATIONNAME = sammi;
				TargetAttributes = {
					A4AC97361F25AFDA002A376B = {
						CreatedOnToolsVersion = 8.3.2;
						DevelopmentTeam = 7Z26T3ZJ8X;
						LastSwiftMigration = 0830;
						ProvisioningStyle = Automatic;
					};
				};
			};
			buildConfigurationList = A4AC97321F25AFDA002A376B /* Build configuration list for PBXProject "MLHair" */;
			compatibilityVersion = "Xcode 3.2";
			developmentRegion = English;
			hasScannedForEncodings = 0;
			knownRegions = (
				en,
				Base,
			);
			mainGroup = A4AC972E1F25AFDA002A376B;
			productRefGroup = A4AC97381F25AFDA002A376B /* Products */;
			projectDirPath = "";
			projectRoot = "";
			targets = (
				A4AC97361F25AFDA002A376B /* MLHair */,
			);
		};
/* End PBXProject section */

/* Begin PBXResourcesBuildPhase section */
		A4AC97351F25AFDA002A376B /* Resources */ = {
			isa = PBXResourcesBuildPhase;
			buildActionMask = 2147483647;
			files = (
				A4AC974A1F25AFDA002A376B /* LaunchScreen.storyboard in Resources */,
				A4AC97521F25D57C002A376B /* GoogleService-Info.plist in Resources */,
				A4AC97F81F40F2C0002A376B /* News.storyboard in Resources */,
				A4AC97471F25AFDA002A376B /* Assets.xcassets in Resources */,
				A4AC97451F25AFDA002A376B /* Main.storyboard in Resources */,
				A4F741551F55A9D400949287 /* User.storyboard in Resources */,
			);
			runOnlyForDeploymentPostprocessing = 0;
		};
/* End PBXResourcesBuildPhase section */

/* Begin PBXShellScriptBuildPhase section */
		6C4A5E4F40C94C0AEA2C745F /* [CP] Check Pods Manifest.lock */ = {
			isa = PBXShellScriptBuildPhase;
			buildActionMask = 2147483647;
			files = (
			);
			inputPaths = (
			);
			name = "[CP] Check Pods Manifest.lock";
			outputPaths = (
			);
			runOnlyForDeploymentPostprocessing = 0;
			shellPath = /bin/sh;
			shellScript = "diff \"${PODS_ROOT}/../Podfile.lock\" \"${PODS_ROOT}/Manifest.lock\" > /dev/null\nif [ $? != 0 ] ; then\n    # print error to STDERR\n    echo \"error: The sandbox is not in sync with the Podfile.lock. Run 'pod install' or update your CocoaPods installation.\" >&2\n    exit 1\nfi\n";
			showEnvVarsInLog = 0;
		};
		B911816C461307AFD24ED90D /* [CP] Copy Pods Resources */ = {
			isa = PBXShellScriptBuildPhase;
			buildActionMask = 2147483647;
			files = (
			);
			inputPaths = (
			);
			name = "[CP] Copy Pods Resources";
			outputPaths = (
			);
			runOnlyForDeploymentPostprocessing = 0;
			shellPath = /bin/sh;
			shellScript = "\"${SRCROOT}/Pods/Target Support Files/Pods-MLHair/Pods-MLHair-resources.sh\"\n";
			showEnvVarsInLog = 0;
		};
		ED3028DFDCBBA65F91DF9010 /* [CP] Embed Pods Frameworks */ = {
			isa = PBXShellScriptBuildPhase;
			buildActionMask = 2147483647;
			files = (
			);
			inputPaths = (
			);
			name = "[CP] Embed Pods Frameworks";
			outputPaths = (
			);
			runOnlyForDeploymentPostprocessing = 0;
			shellPath = /bin/sh;
			shellScript = "\"${SRCROOT}/Pods/Target Support Files/Pods-MLHair/Pods-MLHair-frameworks.sh\"\n";
			showEnvVarsInLog = 0;
		};
/* End PBXShellScriptBuildPhase section */

/* Begin PBXSourcesBuildPhase section */
		A4AC97331F25AFDA002A376B /* Sources */ = {
			isa = PBXSourcesBuildPhase;
			buildActionMask = 2147483647;
			files = (
				A4AC980C1F419955002A376B /* MyViewController.m in Sources */,
				A4AC97421F25AFDA002A376B /* ViewController.m in Sources */,
				A4F7414F1F468A5100949287 /* StyleViewCell.m in Sources */,
				A4AC973F1F25AFDA002A376B /* AppDelegate.m in Sources */,
				A4AC97FF1F40F691002A376B /* DetailViewController.m in Sources */,
				A4F7415B1F55AE0200949287 /* MyTableViewCell.m in Sources */,
				A4F740B01F41CECA00949287 /* PushPhoto.m in Sources */,
				A4F741581F55ACF800949287 /* MyTableViewController.m in Sources */,
				A4AC97F71F40F2C0002A376B /* MasterViewController.m in Sources */,
				A4AC97FA1F40F2C0002A376B /* Reachability.m in Sources */,
				A4AC97F91F40F2C0002A376B /* NewsItem.m in Sources */,
				A4AC973C1F25AFDA002A376B /* main.m in Sources */,
				A4F740B81F41D72800949287 /* StyleViewController.m in Sources */,
				A4AC98091F419938002A376B /* MapViewController.m in Sources */,
				A4F740B31F41CF1200949287 /* GetPhoto.m in Sources */,
				A4AC97FB1F40F2C0002A376B /* RSSParserDelegate.m in Sources */,
			);
			runOnlyForDeploymentPostprocessing = 0;
		};
/* End PBXSourcesBuildPhase section */

/* Begin PBXVariantGroup section */
		A4AC97431F25AFDA002A376B /* Main.storyboard */ = {
			isa = PBXVariantGroup;
			children = (
				A4AC97441F25AFDA002A376B /* Base */,
			);
			name = Main.storyboard;
			sourceTree = "<group>";
		};
		A4AC97481F25AFDA002A376B /* LaunchScreen.storyboard */ = {
			isa = PBXVariantGroup;
			children = (
				A4AC97491F25AFDA002A376B /* Base */,
			);
			name = LaunchScreen.storyboard;
			sourceTree = "<group>";
		};
/* End PBXVariantGroup section */

/* Begin XCBuildConfiguration section */
		A4AC974C1F25AFDA002A376B /* Debug */ = {
			isa = XCBuildConfiguration;
			buildSettings = {
				ALWAYS_SEARCH_USER_PATHS = NO;
				CLANG_ANALYZER_NONNULL = YES;
				CLANG_ANALYZER_NUMBER_OBJECT_CONVERSION = YES_AGGRESSIVE;
				CLANG_CXX_LANGUAGE_STANDARD = "gnu++0x";
				CLANG_CXX_LIBRARY = "libc++";
				CLANG_ENABLE_MODULES = YES;
				CLANG_ENABLE_OBJC_ARC = YES;
				CLANG_WARN_BOOL_CONVERSION = YES;
				CLANG_WARN_CONSTANT_CONVERSION = YES;
				CLANG_WARN_DIRECT_OBJC_ISA_USAGE = YES_ERROR;
				CLANG_WARN_DOCUMENTATION_COMMENTS = YES;
				CLANG_WARN_EMPTY_BODY = YES;
				CLANG_WARN_ENUM_CONVERSION = YES;
				CLANG_WARN_INFINITE_RECURSION = YES;
				CLANG_WARN_INT_CONVERSION = YES;
				CLANG_WARN_OBJC_ROOT_CLASS = YES_ERROR;
				CLANG_WARN_SUSPICIOUS_MOVE = YES;
				CLANG_WARN_UNREACHABLE_CODE = YES;
				CLANG_WARN__DUPLICATE_METHOD_MATCH = YES;
				"CODE_SIGN_IDENTITY[sdk=iphoneos*]" = "iPhone Developer";
				COPY_PHASE_STRIP = NO;
				DEBUG_INFORMATION_FORMAT = dwarf;
				ENABLE_STRICT_OBJC_MSGSEND = YES;
				ENABLE_TESTABILITY = YES;
				GCC_C_LANGUAGE_STANDARD = gnu99;
				GCC_DYNAMIC_NO_PIC = NO;
				GCC_NO_COMMON_BLOCKS = YES;
				GCC_OPTIMIZATION_LEVEL = 0;
				GCC_PREPROCESSOR_DEFINITIONS = (
					"DEBUG=1",
					"$(inherited)",
				);
				GCC_WARN_64_TO_32_BIT_CONVERSION = YES;
				GCC_WARN_ABOUT_RETURN_TYPE = YES_ERROR;
				GCC_WARN_UNDECLARED_SELECTOR = YES;
				GCC_WARN_UNINITIALIZED_AUTOS = YES_AGGRESSIVE;
				GCC_WARN_UNUSED_FUNCTION = YES;
				GCC_WARN_UNUSED_VARIABLE = YES;
				IPHONEOS_DEPLOYMENT_TARGET = 10.3;
				MTL_ENABLE_DEBUG_INFO = YES;
				ONLY_ACTIVE_ARCH = YES;
				SDKROOT = iphoneos;
				TARGETED_DEVICE_FAMILY = "1,2";
			};
			name = Debug;
		};
		A4AC974D1F25AFDA002A376B /* Release */ = {
			isa = XCBuildConfiguration;
			buildSettings = {
				ALWAYS_SEARCH_USER_PATHS = NO;
				CLANG_ANALYZER_NONNULL = YES;
				CLANG_ANALYZER_NUMBER_OBJECT_CONVERSION = YES_AGGRESSIVE;
				CLANG_CXX_LANGUAGE_STANDARD = "gnu++0x";
				CLANG_CXX_LIBRARY = "libc++";
				CLANG_ENABLE_MODULES = YES;
				CLANG_ENABLE_OBJC_ARC = YES;
				CLANG_WARN_BOOL_CONVERSION = YES;
				CLANG_WARN_CONSTANT_CONVERSION = YES;
				CLANG_WARN_DIRECT_OBJC_ISA_USAGE = YES_ERROR;
				CLANG_WARN_DOCUMENTATION_COMMENTS = YES;
				CLANG_WARN_EMPTY_BODY = YES;
				CLANG_WARN_ENUM_CONVERSION = YES;
				CLANG_WARN_INFINITE_RECURSION = YES;
				CLANG_WARN_INT_CONVERSION = YES;
				CLANG_WARN_OBJC_ROOT_CLASS = YES_ERROR;
				CLANG_WARN_SUSPICIOUS_MOVE = YES;
				CLANG_WARN_UNREACHABLE_CODE = YES;
				CLANG_WARN__DUPLICATE_METHOD_MATCH = YES;
				"CODE_SIGN_IDENTITY[sdk=iphoneos*]" = "iPhone Developer";
				COPY_PHASE_STRIP = NO;
				DEBUG_INFORMATION_FORMAT = "dwarf-with-dsym";
				ENABLE_NS_ASSERTIONS = NO;
				ENABLE_STRICT_OBJC_MSGSEND = YES;
				GCC_C_LANGUAGE_STANDARD = gnu99;
				GCC_NO_COMMON_BLOCKS = YES;
				GCC_WARN_64_TO_32_BIT_CONVERSION = YES;
				GCC_WARN_ABOUT_RETURN_TYPE = YES_ERROR;
				GCC_WARN_UNDECLARED_SELECTOR = YES;
				GCC_WARN_UNINITIALIZED_AUTOS = YES_AGGRESSIVE;
				GCC_WARN_UNUSED_FUNCTION = YES;
				GCC_WARN_UNUSED_VARIABLE = YES;
				IPHONEOS_DEPLOYMENT_TARGET = 10.3;
				MTL_ENABLE_DEBUG_INFO = NO;
				SDKROOT = iphoneos;
				TARGETED_DEVICE_FAMILY = "1,2";
				VALIDATE_PRODUCT = YES;
			};
			name = Release;
		};
		A4AC974F1F25AFDA002A376B /* Debug */ = {
			isa = XCBuildConfiguration;
			baseConfigurationReference = 72710AD18279D973399A25D9 /* Pods-MLHair.debug.xcconfig */;
			buildSettings = {
				ASSETCATALOG_COMPILER_APPICON_NAME = AppIcon;
				CLANG_ENABLE_MODULES = YES;
				DEVELOPMENT_TEAM = 7Z26T3ZJ8X;
				INFOPLIST_FILE = MLHair/Info.plist;
				LD_RUNPATH_SEARCH_PATHS = "$(inherited) @executable_path/Frameworks";
				PRODUCT_BUNDLE_IDENTIFIER = com.sammi.MLHair;
				PRODUCT_NAME = "$(TARGET_NAME)";
				SWIFT_OBJC_BRIDGING_HEADER = "MLHair/MLHair-Bridging-Header.h";
				SWIFT_OPTIMIZATION_LEVEL = "-Onone";
				SWIFT_VERSION = 3.0;
			};
			name = Debug;
		};
		A4AC97501F25AFDA002A376B /* Release */ = {
			isa = XCBuildConfiguration;
			baseConfigurationReference = 4A606BEE648606EF106F4E30 /* Pods-MLHair.release.xcconfig */;
			buildSettings = {
				ASSETCATALOG_COMPILER_APPICON_NAME = AppIcon;
				CLANG_ENABLE_MODULES = YES;
				DEVELOPMENT_TEAM = 7Z26T3ZJ8X;
				INFOPLIST_FILE = MLHair/Info.plist;
				LD_RUNPATH_SEARCH_PATHS = "$(inherited) @executable_path/Frameworks";
				PRODUCT_BUNDLE_IDENTIFIER = com.sammi.MLHair;
				PRODUCT_NAME = "$(TARGET_NAME)";
				SWIFT_OBJC_BRIDGING_HEADER = "MLHair/MLHair-Bridging-Header.h";
				SWIFT_VERSION = 3.0;
			};
			name = Release;
		};
/* End XCBuildConfiguration section */

/* Begin XCConfigurationList section */
		A4AC97321F25AFDA002A376B /* Build configuration list for PBXProject "MLHair" */ = {
			isa = XCConfigurationList;
			buildConfigurations = (
				A4AC974C1F25AFDA002A376B /* Debug */,
				A4AC974D1F25AFDA002A376B /* Release */,
			);
			defaultConfigurationIsVisible = 0;
			defaultConfigurationName = Release;
		};
		A4AC974E1F25AFDA002A376B /* Build configuration list for PBXNativeTarget "MLHair" */ = {
			isa = XCConfigurationList;
			buildConfigurations = (
				A4AC974F1F25AFDA002A376B /* Debug */,
				A4AC97501F25AFDA002A376B /* Release */,
			);
			defaultConfigurationIsVisible = 0;
			defaultConfigurationName = Release;
		};
/* End XCConfigurationList section */
	};
	rootObject = A4AC972F1F25AFDA002A376B /* Project object */;
}
