// !$*UTF8*$!
{
	archiveVersion = 1;
	classes = {
	};
	objectVersion = 46;
	objects = {

/* Begin PBXBuildFile section */
		45834E5F1F5D794600B9B28A /* DesignerVC.m in Sources */ = {isa = PBXBuildFile; fileRef = 45834E5E1F5D794600B9B28A /* DesignerVC.m */; };
		45834E651F5D7E0900B9B28A /* DesignerVCell.m in Sources */ = {isa = PBXBuildFile; fileRef = 45834E641F5D7E0900B9B28A /* DesignerVCell.m */; };
		45834E6B1F5D837700B9B28A /* MLHairDatabase.m in Sources */ = {isa = PBXBuildFile; fileRef = 45834E6A1F5D837700B9B28A /* MLHairDatabase.m */; };
		45834E6E1F5D875600B9B28A /* BookingVC.m in Sources */ = {isa = PBXBuildFile; fileRef = 45834E6D1F5D875600B9B28A /* BookingVC.m */; };
		45834E701F5D87B300B9B28A /* Booking.storyboard in Resources */ = {isa = PBXBuildFile; fileRef = 45834E6F1F5D87B300B9B28A /* Booking.storyboard */; };
		45834E731F60266D00B9B28A /* my.storyboard in Resources */ = {isa = PBXBuildFile; fileRef = 45834E711F60266D00B9B28A /* my.storyboard */; };
		45834E761F602A5F00B9B28A /* AvatorTViCell.m in Sources */ = {isa = PBXBuildFile; fileRef = 45834E751F602A5F00B9B28A /* AvatorTViCell.m */; };
		45834E791F61631300B9B28A /* StyleVO.m in Sources */ = {isa = PBXBuildFile; fileRef = 45834E781F61631300B9B28A /* StyleVO.m */; };
		45834E7D1F6175DC00B9B28A /* Style.storyboard in Resources */ = {isa = PBXBuildFile; fileRef = 45834E7B1F6175DC00B9B28A /* Style.storyboard */; };
		45834E801F62509D00B9B28A /* MemberVO.m in Sources */ = {isa = PBXBuildFile; fileRef = 45834E7F1F62509D00B9B28A /* MemberVO.m */; };
		45834E861F62683E00B9B28A /* DesignerVO.m in Sources */ = {isa = PBXBuildFile; fileRef = 45834E851F62683E00B9B28A /* DesignerVO.m */; };
		45834E891F627C8700B9B28A /* Http.m in Sources */ = {isa = PBXBuildFile; fileRef = 45834E881F627C8700B9B28A /* Http.m */; };
		45834E8C1F62849D00B9B28A /* AdvanceImageView.m in Sources */ = {isa = PBXBuildFile; fileRef = 45834E8B1F62849D00B9B28A /* AdvanceImageView.m */; };
		45834E8F1F62A67500B9B28A /* Shop.storyboard in Resources */ = {isa = PBXBuildFile; fileRef = 45834E8D1F62A67500B9B28A /* Shop.storyboard */; };
		45834E921F62A75300B9B28A /* Location.m in Sources */ = {isa = PBXBuildFile; fileRef = 45834E911F62A75300B9B28A /* Location.m */; };
		45834E951F62C0F400B9B28A /* MLHairShopVO.m in Sources */ = {isa = PBXBuildFile; fileRef = 45834E941F62C0F400B9B28A /* MLHairShopVO.m */; };
		45834E9E1F63C12500B9B28A /* ShopVC.m in Sources */ = {isa = PBXBuildFile; fileRef = 45834E9D1F63C12500B9B28A /* ShopVC.m */; };
		45834EA11F63C1CD00B9B28A /* ShopTVCell.m in Sources */ = {isa = PBXBuildFile; fileRef = 45834EA01F63C1CD00B9B28A /* ShopTVCell.m */; };
		45834EA71F64233200B9B28A /* MLAnnotion.m in Sources */ = {isa = PBXBuildFile; fileRef = 45834EA61F64233200B9B28A /* MLAnnotion.m */; };
		45834EAA1F644E6300B9B28A /* HotDelegate.m in Sources */ = {isa = PBXBuildFile; fileRef = 45834EA91F644E6300B9B28A /* HotDelegate.m */; };
		45834EAD1F644FF900B9B28A /* HotCVCell.m in Sources */ = {isa = PBXBuildFile; fileRef = 45834EAC1F644FF900B9B28A /* HotCVCell.m */; };
		45834EB31F65309E00B9B28A /* SignInVC.m in Sources */ = {isa = PBXBuildFile; fileRef = 45834EB21F65309E00B9B28A /* SignInVC.m */; };
		45834EB61F65398300B9B28A /* SignIn.storyboard in Resources */ = {isa = PBXBuildFile; fileRef = 45834EB41F65398300B9B28A /* SignIn.storyboard */; };
		45834EB91F653A4A00B9B28A /* SignUpVC.m in Sources */ = {isa = PBXBuildFile; fileRef = 45834EB81F653A4A00B9B28A /* SignUpVC.m */; };
		45834EBC1F6542DC00B9B28A /* SignUp.storyboard in Resources */ = {isa = PBXBuildFile; fileRef = 45834EBA1F6542DC00B9B28A /* SignUp.storyboard */; };
		45834EBF1F661BF700B9B28A /* NewsTVC.m in Sources */ = {isa = PBXBuildFile; fileRef = 45834EBE1F661BF700B9B28A /* NewsTVC.m */; };
		A4AC973C1F25AFDA002A376B /* main.m in Sources */ = {isa = PBXBuildFile; fileRef = A4AC973B1F25AFDA002A376B /* main.m */; };
		A4AC973F1F25AFDA002A376B /* AppDelegate.m in Sources */ = {isa = PBXBuildFile; fileRef = A4AC973E1F25AFDA002A376B /* AppDelegate.m */; };
		A4AC97421F25AFDA002A376B /* ViewController.m in Sources */ = {isa = PBXBuildFile; fileRef = A4AC97411F25AFDA002A376B /* ViewController.m */; };
		A4AC97451F25AFDA002A376B /* Main.storyboard in Resources */ = {isa = PBXBuildFile; fileRef = A4AC97431F25AFDA002A376B /* Main.storyboard */; };
		A4AC97471F25AFDA002A376B /* Assets.xcassets in Resources */ = {isa = PBXBuildFile; fileRef = A4AC97461F25AFDA002A376B /* Assets.xcassets */; };
		A4AC974A1F25AFDA002A376B /* LaunchScreen.storyboard in Resources */ = {isa = PBXBuildFile; fileRef = A4AC97481F25AFDA002A376B /* LaunchScreen.storyboard */; };
		A4AC97521F25D57C002A376B /* GoogleService-Info.plist in Resources */ = {isa = PBXBuildFile; fileRef = A4AC97511F25D57C002A376B /* GoogleService-Info.plist */; };
		A4AC97F81F40F2C0002A376B /* News.storyboard in Resources */ = {isa = PBXBuildFile; fileRef = A4AC97F01F40F2C0002A376B /* News.storyboard */; };
		A4AC97F91F40F2C0002A376B /* NewsItem.m in Sources */ = {isa = PBXBuildFile; fileRef = A4AC97F21F40F2C0002A376B /* NewsItem.m */; };
		A4AC97FA1F40F2C0002A376B /* Reachability.m in Sources */ = {isa = PBXBuildFile; fileRef = A4AC97F41F40F2C0002A376B /* Reachability.m */; };
		A4AC97FB1F40F2C0002A376B /* RSSParserDelegate.m in Sources */ = {isa = PBXBuildFile; fileRef = A4AC97F61F40F2C0002A376B /* RSSParserDelegate.m */; };
		A4AC97FF1F40F691002A376B /* DetailViewController.m in Sources */ = {isa = PBXBuildFile; fileRef = A4AC97FE1F40F691002A376B /* DetailViewController.m */; };
		A4D97F141F5D5D4B00D37FD7 /* Designer.storyboard in Resources */ = {isa = PBXBuildFile; fileRef = A4D97F131F5D5D4B00D37FD7 /* Designer.storyboard */; };
		A4F740B81F41D72800949287 /* StyleViewController.m in Sources */ = {isa = PBXBuildFile; fileRef = A4F740B71F41D72800949287 /* StyleViewController.m */; };
		A4F7414F1F468A5100949287 /* StyleViewCell.m in Sources */ = {isa = PBXBuildFile; fileRef = A4F7414E1F468A5100949287 /* StyleViewCell.m */; };
		A4F741581F55ACF800949287 /* MyTableViewController.m in Sources */ = {isa = PBXBuildFile; fileRef = A4F741571F55ACF800949287 /* MyTableViewController.m */; };
		A4F7415B1F55AE0200949287 /* MyTableViewCell.m in Sources */ = {isa = PBXBuildFile; fileRef = A4F7415A1F55AE0200949287 /* MyTableViewCell.m */; };
		B2EC88BA3ABF4A3677B14135 /* libPods-MLHair.a in Frameworks */ = {isa = PBXBuildFile; fileRef = 8B6D47F66E92AF32F2CFFE40 /* libPods-MLHair.a */; };
/* End PBXBuildFile section */

/* Begin PBXFileReference section */
		45834E5D1F5D794600B9B28A /* DesignerVC.h */ = {isa = PBXFileReference; fileEncoding = 4; lastKnownFileType = sourcecode.c.h; path = DesignerVC.h; sourceTree = "<group>"; };
		45834E5E1F5D794600B9B28A /* DesignerVC.m */ = {isa = PBXFileReference; fileEncoding = 4; lastKnownFileType = sourcecode.c.objc; path = DesignerVC.m; sourceTree = "<group>"; };
		45834E631F5D7E0900B9B28A /* DesignerVCell.h */ = {isa = PBXFileReference; fileEncoding = 4; lastKnownFileType = sourcecode.c.h; path = DesignerVCell.h; sourceTree = "<group>"; };
		45834E641F5D7E0900B9B28A /* DesignerVCell.m */ = {isa = PBXFileReference; fileEncoding = 4; lastKnownFileType = sourcecode.c.objc; path = DesignerVCell.m; sourceTree = "<group>"; };
		45834E691F5D837700B9B28A /* MLHairDatabase.h */ = {isa = PBXFileReference; fileEncoding = 4; lastKnownFileType = sourcecode.c.h; path = MLHairDatabase.h; sourceTree = "<group>"; };
		45834E6A1F5D837700B9B28A /* MLHairDatabase.m */ = {isa = PBXFileReference; fileEncoding = 4; lastKnownFileType = sourcecode.c.objc; path = MLHairDatabase.m; sourceTree = "<group>"; };
		45834E6C1F5D875600B9B28A /* BookingVC.h */ = {isa = PBXFileReference; fileEncoding = 4; lastKnownFileType = sourcecode.c.h; path = BookingVC.h; sourceTree = "<group>"; };
		45834E6D1F5D875600B9B28A /* BookingVC.m */ = {isa = PBXFileReference; fileEncoding = 4; lastKnownFileType = sourcecode.c.objc; path = BookingVC.m; sourceTree = "<group>"; };
		45834E6F1F5D87B300B9B28A /* Booking.storyboard */ = {isa = PBXFileReference; fileEncoding = 4; lastKnownFileType = file.storyboard; path = Booking.storyboard; sourceTree = "<group>"; };
		45834E721F60266D00B9B28A /* Base */ = {isa = PBXFileReference; lastKnownFileType = file.storyboard; name = Base; path = Base.lproj/my.storyboard; sourceTree = "<group>"; };
		45834E741F602A5F00B9B28A /* AvatorTViCell.h */ = {isa = PBXFileReference; fileEncoding = 4; lastKnownFileType = sourcecode.c.h; path = AvatorTViCell.h; sourceTree = "<group>"; };
		45834E751F602A5F00B9B28A /* AvatorTViCell.m */ = {isa = PBXFileReference; fileEncoding = 4; lastKnownFileType = sourcecode.c.objc; path = AvatorTViCell.m; sourceTree = "<group>"; };
		45834E771F61631300B9B28A /* StyleVO.h */ = {isa = PBXFileReference; fileEncoding = 4; lastKnownFileType = sourcecode.c.h; path = StyleVO.h; sourceTree = "<group>"; };
		45834E781F61631300B9B28A /* StyleVO.m */ = {isa = PBXFileReference; fileEncoding = 4; lastKnownFileType = sourcecode.c.objc; path = StyleVO.m; sourceTree = "<group>"; };
		45834E7A1F6172D300B9B28A /* Define.h */ = {isa = PBXFileReference; lastKnownFileType = sourcecode.c.h; path = Define.h; sourceTree = "<group>"; };
		45834E7C1F6175DC00B9B28A /* Base */ = {isa = PBXFileReference; lastKnownFileType = file.storyboard; name = Base; path = Base.lproj/Style.storyboard; sourceTree = "<group>"; };
		45834E7E1F62509D00B9B28A /* MemberVO.h */ = {isa = PBXFileReference; fileEncoding = 4; lastKnownFileType = sourcecode.c.h; path = MemberVO.h; sourceTree = "<group>"; };
		45834E7F1F62509D00B9B28A /* MemberVO.m */ = {isa = PBXFileReference; fileEncoding = 4; lastKnownFileType = sourcecode.c.objc; path = MemberVO.m; sourceTree = "<group>"; };
		45834E841F62683E00B9B28A /* DesignerVO.h */ = {isa = PBXFileReference; fileEncoding = 4; lastKnownFileType = sourcecode.c.h; path = DesignerVO.h; sourceTree = "<group>"; };
		45834E851F62683E00B9B28A /* DesignerVO.m */ = {isa = PBXFileReference; fileEncoding = 4; lastKnownFileType = sourcecode.c.objc; path = DesignerVO.m; sourceTree = "<group>"; };
		45834E871F627C8700B9B28A /* Http.h */ = {isa = PBXFileReference; fileEncoding = 4; lastKnownFileType = sourcecode.c.h; path = Http.h; sourceTree = "<group>"; };
		45834E881F627C8700B9B28A /* Http.m */ = {isa = PBXFileReference; fileEncoding = 4; lastKnownFileType = sourcecode.c.objc; path = Http.m; sourceTree = "<group>"; };
		45834E8A1F62849D00B9B28A /* AdvanceImageView.h */ = {isa = PBXFileReference; fileEncoding = 4; lastKnownFileType = sourcecode.c.h; path = AdvanceImageView.h; sourceTree = "<group>"; };
		45834E8B1F62849D00B9B28A /* AdvanceImageView.m */ = {isa = PBXFileReference; fileEncoding = 4; lastKnownFileType = sourcecode.c.objc; path = AdvanceImageView.m; sourceTree = "<group>"; };
		45834E8E1F62A67500B9B28A /* Base */ = {isa = PBXFileReference; lastKnownFileType = file.storyboard; name = Base; path = Base.lproj/Shop.storyboard; sourceTree = "<group>"; };
		45834E901F62A75300B9B28A /* Location.h */ = {isa = PBXFileReference; fileEncoding = 4; lastKnownFileType = sourcecode.c.h; path = Location.h; sourceTree = "<group>"; };
		45834E911F62A75300B9B28A /* Location.m */ = {isa = PBXFileReference; fileEncoding = 4; lastKnownFileType = sourcecode.c.objc; path = Location.m; sourceTree = "<group>"; };
		45834E931F62C0F400B9B28A /* MLHairShopVO.h */ = {isa = PBXFileReference; fileEncoding = 4; lastKnownFileType = sourcecode.c.h; path = MLHairShopVO.h; sourceTree = "<group>"; };
		45834E941F62C0F400B9B28A /* MLHairShopVO.m */ = {isa = PBXFileReference; fileEncoding = 4; lastKnownFileType = sourcecode.c.objc; path = MLHairShopVO.m; sourceTree = "<group>"; };
		45834E9C1F63C12500B9B28A /* ShopVC.h */ = {isa = PBXFileReference; fileEncoding = 4; lastKnownFileType = sourcecode.c.h; path = ShopVC.h; sourceTree = "<group>"; };
		45834E9D1F63C12500B9B28A /* ShopVC.m */ = {isa = PBXFileReference; fileEncoding = 4; lastKnownFileType = sourcecode.c.objc; path = ShopVC.m; sourceTree = "<group>"; };
		45834E9F1F63C1CD00B9B28A /* ShopTVCell.h */ = {isa = PBXFileReference; fileEncoding = 4; lastKnownFileType = sourcecode.c.h; path = ShopTVCell.h; sourceTree = "<group>"; };
		45834EA01F63C1CD00B9B28A /* ShopTVCell.m */ = {isa = PBXFileReference; fileEncoding = 4; lastKnownFileType = sourcecode.c.objc; path = ShopTVCell.m; sourceTree = "<group>"; };
		45834EA51F64233200B9B28A /* MLAnnotion.h */ = {isa = PBXFileReference; fileEncoding = 4; lastKnownFileType = sourcecode.c.h; path = MLAnnotion.h; sourceTree = "<group>"; };
		45834EA61F64233200B9B28A /* MLAnnotion.m */ = {isa = PBXFileReference; fileEncoding = 4; lastKnownFileType = sourcecode.c.objc; path = MLAnnotion.m; sourceTree = "<group>"; };
		45834EA81F644E6300B9B28A /* HotDelegate.h */ = {isa = PBXFileReference; fileEncoding = 4; lastKnownFileType = sourcecode.c.h; path = HotDelegate.h; sourceTree = "<group>"; };
		45834EA91F644E6300B9B28A /* HotDelegate.m */ = {isa = PBXFileReference; fileEncoding = 4; lastKnownFileType = sourcecode.c.objc; path = HotDelegate.m; sourceTree = "<group>"; };
		45834EAB1F644FF900B9B28A /* HotCVCell.h */ = {isa = PBXFileReference; fileEncoding = 4; lastKnownFileType = sourcecode.c.h; path = HotCVCell.h; sourceTree = "<group>"; };
		45834EAC1F644FF900B9B28A /* HotCVCell.m */ = {isa = PBXFileReference; fileEncoding = 4; lastKnownFileType = sourcecode.c.objc; path = HotCVCell.m; sourceTree = "<group>"; };
		45834EB11F65309E00B9B28A /* SignInVC.h */ = {isa = PBXFileReference; fileEncoding = 4; lastKnownFileType = sourcecode.c.h; path = SignInVC.h; sourceTree = "<group>"; };
		45834EB21F65309E00B9B28A /* SignInVC.m */ = {isa = PBXFileReference; fileEncoding = 4; lastKnownFileType = sourcecode.c.objc; path = SignInVC.m; sourceTree = "<group>"; };
		45834EB51F65398300B9B28A /* Base */ = {isa = PBXFileReference; lastKnownFileType = file.storyboard; name = Base; path = Base.lproj/SignIn.storyboard; sourceTree = "<group>"; };
		45834EB71F653A4A00B9B28A /* SignUpVC.h */ = {isa = PBXFileReference; fileEncoding = 4; lastKnownFileType = sourcecode.c.h; path = SignUpVC.h; sourceTree = "<group>"; };
		45834EB81F653A4A00B9B28A /* SignUpVC.m */ = {isa = PBXFileReference; fileEncoding = 4; lastKnownFileType = sourcecode.c.objc; path = SignUpVC.m; sourceTree = "<group>"; };
		45834EBB1F6542DC00B9B28A /* Base */ = {isa = PBXFileReference; lastKnownFileType = file.storyboard; name = Base; path = Base.lproj/SignUp.storyboard; sourceTree = "<group>"; };
		45834EBD1F661BF700B9B28A /* NewsTVC.h */ = {isa = PBXFileReference; fileEncoding = 4; lastKnownFileType = sourcecode.c.h; path = NewsTVC.h; sourceTree = "<group>"; };
		45834EBE1F661BF700B9B28A /* NewsTVC.m */ = {isa = PBXFileReference; fileEncoding = 4; lastKnownFileType = sourcecode.c.objc; path = NewsTVC.m; sourceTree = "<group>"; };
		4A606BEE648606EF106F4E30 /* Pods-MLHair.release.xcconfig */ = {isa = PBXFileReference; includeInIndex = 1; lastKnownFileType = text.xcconfig; name = "Pods-MLHair.release.xcconfig"; path = "Pods/Target Support Files/Pods-MLHair/Pods-MLHair.release.xcconfig"; sourceTree = "<group>"; };
		72710AD18279D973399A25D9 /* Pods-MLHair.debug.xcconfig */ = {isa = PBXFileReference; includeInIndex = 1; lastKnownFileType = text.xcconfig; name = "Pods-MLHair.debug.xcconfig"; path = "Pods/Target Support Files/Pods-MLHair/Pods-MLHair.debug.xcconfig"; sourceTree = "<group>"; };
		8B6D47F66E92AF32F2CFFE40 /* libPods-MLHair.a */ = {isa = PBXFileReference; explicitFileType = archive.ar; includeInIndex = 0; path = "libPods-MLHair.a"; sourceTree = BUILT_PRODUCTS_DIR; };
		A4AC97371F25AFDA002A376B /* MLHair.app */ = {isa = PBXFileReference; explicitFileType = wrapper.application; includeInIndex = 0; path = MLHair.app; sourceTree = BUILT_PRODUCTS_DIR; };
		A4AC973B1F25AFDA002A376B /* main.m */ = {isa = PBXFileReference; lastKnownFileType = sourcecode.c.objc; path = main.m; sourceTree = "<group>"; };
		A4AC973D1F25AFDA002A376B /* AppDelegate.h */ = {isa = PBXFileReference; lastKnownFileType = sourcecode.c.h; path = AppDelegate.h; sourceTree = "<group>"; };
		A4AC973E1F25AFDA002A376B /* AppDelegate.m */ = {isa = PBXFileReference; lastKnownFileType = sourcecode.c.objc; path = AppDelegate.m; sourceTree = "<group>"; };
		A4AC97401F25AFDA002A376B /* ViewController.h */ = {isa = PBXFileReference; lastKnownFileType = sourcecode.c.h; path = ViewController.h; sourceTree = "<group>"; };
		A4AC97411F25AFDA002A376B /* ViewController.m */ = {isa = PBXFileReference; lastKnownFileType = sourcecode.c.objc; path = ViewController.m; sourceTree = "<group>"; };
		A4AC97441F25AFDA002A376B /* Base */ = {isa = PBXFileReference; lastKnownFileType = file.storyboard; name = Base; path = Base.lproj/Main.storyboard; sourceTree = "<group>"; };
		A4AC97461F25AFDA002A376B /* Assets.xcassets */ = {isa = PBXFileReference; lastKnownFileType = folder.assetcatalog; path = Assets.xcassets; sourceTree = "<group>"; };
		A4AC97491F25AFDA002A376B /* Base */ = {isa = PBXFileReference; lastKnownFileType = file.storyboard; name = Base; path = Base.lproj/LaunchScreen.storyboard; sourceTree = "<group>"; };
		A4AC974B1F25AFDA002A376B /* Info.plist */ = {isa = PBXFileReference; lastKnownFileType = text.plist.xml; path = Info.plist; sourceTree = "<group>"; };
		A4AC97511F25D57C002A376B /* GoogleService-Info.plist */ = {isa = PBXFileReference; fileEncoding = 4; lastKnownFileType = text.plist.xml; path = "GoogleService-Info.plist"; sourceTree = "<group>"; };
		A4AC97C11F383A70002A376B /* WebKit.framework */ = {isa = PBXFileReference; lastKnownFileType = wrapper.framework; name = WebKit.framework; path = System/Library/Frameworks/WebKit.framework; sourceTree = SDKROOT; };
		A4AC97C31F383A78002A376B /* SystemConfiguration.framework */ = {isa = PBXFileReference; lastKnownFileType = wrapper.framework; name = SystemConfiguration.framework; path = System/Library/Frameworks/SystemConfiguration.framework; sourceTree = SDKROOT; };
		A4AC97F01F40F2C0002A376B /* News.storyboard */ = {isa = PBXFileReference; fileEncoding = 4; lastKnownFileType = file.storyboard; path = News.storyboard; sourceTree = "<group>"; };
		A4AC97F11F40F2C0002A376B /* NewsItem.h */ = {isa = PBXFileReference; fileEncoding = 4; lastKnownFileType = sourcecode.c.h; path = NewsItem.h; sourceTree = "<group>"; };
		A4AC97F21F40F2C0002A376B /* NewsItem.m */ = {isa = PBXFileReference; fileEncoding = 4; lastKnownFileType = sourcecode.c.objc; path = NewsItem.m; sourceTree = "<group>"; };
		A4AC97F31F40F2C0002A376B /* Reachability.h */ = {isa = PBXFileReference; fileEncoding = 4; lastKnownFileType = sourcecode.c.h; path = Reachability.h; sourceTree = "<group>"; };
		A4AC97F41F40F2C0002A376B /* Reachability.m */ = {isa = PBXFileReference; fileEncoding = 4; lastKnownFileType = sourcecode.c.objc; path = Reachability.m; sourceTree = "<group>"; };
		A4AC97F51F40F2C0002A376B /* RSSParserDelegate.h */ = {isa = PBXFileReference; fileEncoding = 4; lastKnownFileType = sourcecode.c.h; path = RSSParserDelegate.h; sourceTree = "<group>"; };
		A4AC97F61F40F2C0002A376B /* RSSParserDelegate.m */ = {isa = PBXFileReference; fileEncoding = 4; lastKnownFileType = sourcecode.c.objc; path = RSSParserDelegate.m; sourceTree = "<group>"; };
		A4AC97FD1F40F691002A376B /* DetailViewController.h */ = {isa = PBXFileReference; fileEncoding = 4; lastKnownFileType = sourcecode.c.h; path = DetailViewController.h; sourceTree = "<group>"; };
		A4AC97FE1F40F691002A376B /* DetailViewController.m */ = {isa = PBXFileReference; fileEncoding = 4; lastKnownFileType = sourcecode.c.objc; path = DetailViewController.m; sourceTree = "<group>"; };
		A4D97F131F5D5D4B00D37FD7 /* Designer.storyboard */ = {isa = PBXFileReference; fileEncoding = 4; lastKnownFileType = file.storyboard; path = Designer.storyboard; sourceTree = "<group>"; };
		A4F740B61F41D72800949287 /* StyleViewController.h */ = {isa = PBXFileReference; fileEncoding = 4; lastKnownFileType = sourcecode.c.h; path = StyleViewController.h; sourceTree = "<group>"; };
		A4F740B71F41D72800949287 /* StyleViewController.m */ = {isa = PBXFileReference; fileEncoding = 4; lastKnownFileType = sourcecode.c.objc; path = StyleViewController.m; sourceTree = "<group>"; };
		A4F740B91F43A4C200949287 /* MLHair-Bridging-Header.h */ = {isa = PBXFileReference; lastKnownFileType = sourcecode.c.h; path = "MLHair-Bridging-Header.h"; sourceTree = "<group>"; };
		A4F7414D1F468A5100949287 /* StyleViewCell.h */ = {isa = PBXFileReference; fileEncoding = 4; lastKnownFileType = sourcecode.c.h; path = StyleViewCell.h; sourceTree = "<group>"; };
		A4F7414E1F468A5100949287 /* StyleViewCell.m */ = {isa = PBXFileReference; fileEncoding = 4; lastKnownFileType = sourcecode.c.objc; path = StyleViewCell.m; sourceTree = "<group>"; };
		A4F741561F55ACF800949287 /* MyTableViewController.h */ = {isa = PBXFileReference; fileEncoding = 4; lastKnownFileType = sourcecode.c.h; path = MyTableViewController.h; sourceTree = "<group>"; };
		A4F741571F55ACF800949287 /* MyTableViewController.m */ = {isa = PBXFileReference; fileEncoding = 4; lastKnownFileType = sourcecode.c.objc; path = MyTableViewController.m; sourceTree = "<group>"; };
		A4F741591F55AE0200949287 /* MyTableViewCell.h */ = {isa = PBXFileReference; fileEncoding = 4; lastKnownFileType = sourcecode.c.h; path = MyTableViewCell.h; sourceTree = "<group>"; };
		A4F7415A1F55AE0200949287 /* MyTableViewCell.m */ = {isa = PBXFileReference; fileEncoding = 4; lastKnownFileType = sourcecode.c.objc; path = MyTableViewCell.m; sourceTree = "<group>"; };
/* End PBXFileReference section */

/* Begin PBXFrameworksBuildPhase section */
		A4AC97341F25AFDA002A376B /* Frameworks */ = {
			isa = PBXFrameworksBuildPhase;
			buildActionMask = 2147483647;
			files = (
				B2EC88BA3ABF4A3677B14135 /* libPods-MLHair.a in Frameworks */,
			);
			runOnlyForDeploymentPostprocessing = 0;
		};
/* End PBXFrameworksBuildPhase section */

/* Begin PBXGroup section */
		9A968BCC8B37D02FD85D010F /* Pods */ = {
			isa = PBXGroup;
			children = (
				72710AD18279D973399A25D9 /* Pods-MLHair.debug.xcconfig */,
				4A606BEE648606EF106F4E30 /* Pods-MLHair.release.xcconfig */,
			);
			name = Pods;
			sourceTree = "<group>";
		};
		A4AC972E1F25AFDA002A376B = {
			isa = PBXGroup;
			children = (
				A4AC97391F25AFDA002A376B /* MLHair */,
				A4AC97381F25AFDA002A376B /* Products */,
				9A968BCC8B37D02FD85D010F /* Pods */,
				B70035D5C6DCC78829FBEF18 /* Frameworks */,
			);
			sourceTree = "<group>";
		};
		A4AC97381F25AFDA002A376B /* Products */ = {
			isa = PBXGroup;
			children = (
				A4AC97371F25AFDA002A376B /* MLHair.app */,
			);
			name = Products;
			sourceTree = "<group>";
		};
		A4AC97391F25AFDA002A376B /* MLHair */ = {
			isa = PBXGroup;
			children = (
				A4D97F151F637E6000D37FD7 /* TestImage */,
				A4F740B41F41CFAB00949287 /* Style */,
				A4AC98001F413E9D002A376B /* News */,
				A4D97F121F5D5AA500D37FD7 /* Designer */,
				A4AC98011F413ED7002A376B /* Map */,
				A4F740B51F41CFD100949287 /* My */,
				A4AC97551F25D63E002A376B /* Controller */,
				A4AC97541F25D62F002A376B /* View */,
				A4AC97531F25D623002A376B /* Model */,
				A4AC973D1F25AFDA002A376B /* AppDelegate.h */,
				A4AC973E1F25AFDA002A376B /* AppDelegate.m */,
				A4AC97431F25AFDA002A376B /* Main.storyboard */,
				A4AC97401F25AFDA002A376B /* ViewController.h */,
				A4AC97411F25AFDA002A376B /* ViewController.m */,
				A4AC97461F25AFDA002A376B /* Assets.xcassets */,
				A4AC97481F25AFDA002A376B /* LaunchScreen.storyboard */,
				A4AC97511F25D57C002A376B /* GoogleService-Info.plist */,
				A4AC974B1F25AFDA002A376B /* Info.plist */,
				A4AC973A1F25AFDA002A376B /* Supporting Files */,
				A4F740B91F43A4C200949287 /* MLHair-Bridging-Header.h */,
			);
			path = MLHair;
			sourceTree = "<group>";
		};
		A4AC973A1F25AFDA002A376B /* Supporting Files */ = {
			isa = PBXGroup;
			children = (
				A4AC973B1F25AFDA002A376B /* main.m */,
			);
			name = "Supporting Files";
			sourceTree = "<group>";
		};
		A4AC97531F25D623002A376B /* Model */ = {
			isa = PBXGroup;
			children = (
				45834E7A1F6172D300B9B28A /* Define.h */,
				45834E901F62A75300B9B28A /* Location.h */,
				45834E911F62A75300B9B28A /* Location.m */,
				45834E8A1F62849D00B9B28A /* AdvanceImageView.h */,
				45834E8B1F62849D00B9B28A /* AdvanceImageView.m */,
				45834E871F627C8700B9B28A /* Http.h */,
				45834E881F627C8700B9B28A /* Http.m */,
				45834E691F5D837700B9B28A /* MLHairDatabase.h */,
				45834E6A1F5D837700B9B28A /* MLHairDatabase.m */,
				45834E7E1F62509D00B9B28A /* MemberVO.h */,
				45834E7F1F62509D00B9B28A /* MemberVO.m */,
			);
			name = Model;
			sourceTree = "<group>";
		};
		A4AC97541F25D62F002A376B /* View */ = {
			isa = PBXGroup;
			children = (
			);
			name = View;
			sourceTree = "<group>";
		};
		A4AC97551F25D63E002A376B /* Controller */ = {
			isa = PBXGroup;
			children = (
			);
			name = Controller;
			sourceTree = "<group>";
		};
		A4AC98001F413E9D002A376B /* News */ = {
			isa = PBXGroup;
			children = (
				A4AC97F01F40F2C0002A376B /* News.storyboard */,
				45834EBD1F661BF700B9B28A /* NewsTVC.h */,
				45834EBE1F661BF700B9B28A /* NewsTVC.m */,
				A4AC97FD1F40F691002A376B /* DetailViewController.h */,
				A4AC97FE1F40F691002A376B /* DetailViewController.m */,
				A4AC97F11F40F2C0002A376B /* NewsItem.h */,
				A4AC97F21F40F2C0002A376B /* NewsItem.m */,
				A4AC97F31F40F2C0002A376B /* Reachability.h */,
				A4AC97F41F40F2C0002A376B /* Reachability.m */,
				A4AC97F51F40F2C0002A376B /* RSSParserDelegate.h */,
				A4AC97F61F40F2C0002A376B /* RSSParserDelegate.m */,
			);
			name = News;
			sourceTree = "<group>";
		};
		A4AC98011F413ED7002A376B /* Map */ = {
			isa = PBXGroup;
			children = (
				45834E8D1F62A67500B9B28A /* Shop.storyboard */,
				45834E9C1F63C12500B9B28A /* ShopVC.h */,
				45834E9D1F63C12500B9B28A /* ShopVC.m */,
				45834EA51F64233200B9B28A /* MLAnnotion.h */,
				45834EA61F64233200B9B28A /* MLAnnotion.m */,
				45834E9F1F63C1CD00B9B28A /* ShopTVCell.h */,
				45834EA01F63C1CD00B9B28A /* ShopTVCell.m */,
				45834E931F62C0F400B9B28A /* MLHairShopVO.h */,
				45834E941F62C0F400B9B28A /* MLHairShopVO.m */,
			);
			name = Map;
			sourceTree = "<group>";
		};
		A4D97F121F5D5AA500D37FD7 /* Designer */ = {
			isa = PBXGroup;
			children = (
				A4D97F131F5D5D4B00D37FD7 /* Designer.storyboard */,
				45834E5D1F5D794600B9B28A /* DesignerVC.h */,
				45834E5E1F5D794600B9B28A /* DesignerVC.m */,
				45834E631F5D7E0900B9B28A /* DesignerVCell.h */,
				45834E641F5D7E0900B9B28A /* DesignerVCell.m */,
				45834E6F1F5D87B300B9B28A /* Booking.storyboard */,
				45834E6C1F5D875600B9B28A /* BookingVC.h */,
				45834E6D1F5D875600B9B28A /* BookingVC.m */,
				45834E841F62683E00B9B28A /* DesignerVO.h */,
				45834E851F62683E00B9B28A /* DesignerVO.m */,
			);
			name = Designer;
			sourceTree = "<group>";
		};
		A4D97F151F637E6000D37FD7 /* TestImage */ = {
			isa = PBXGroup;
			children = (
			);
			name = TestImage;
			sourceTree = "<group>";
		};
		A4F740B41F41CFAB00949287 /* Style */ = {
			isa = PBXGroup;
			children = (
				45834E7B1F6175DC00B9B28A /* Style.storyboard */,
				A4F740B61F41D72800949287 /* StyleViewController.h */,
				A4F740B71F41D72800949287 /* StyleViewController.m */,
				45834EA81F644E6300B9B28A /* HotDelegate.h */,
				45834EA91F644E6300B9B28A /* HotDelegate.m */,
				45834EAB1F644FF900B9B28A /* HotCVCell.h */,
				45834EAC1F644FF900B9B28A /* HotCVCell.m */,
				A4F7414D1F468A5100949287 /* StyleViewCell.h */,
				A4F7414E1F468A5100949287 /* StyleViewCell.m */,
				45834E771F61631300B9B28A /* StyleVO.h */,
				45834E781F61631300B9B28A /* StyleVO.m */,
			);
			name = Style;
			sourceTree = "<group>";
		};
		A4F740B51F41CFD100949287 /* My */ = {
			isa = PBXGroup;
			children = (
				45834EB41F65398300B9B28A /* SignIn.storyboard */,
				45834EB11F65309E00B9B28A /* SignInVC.h */,
				45834EB21F65309E00B9B28A /* SignInVC.m */,
				45834EBA1F6542DC00B9B28A /* SignUp.storyboard */,
				45834EB71F653A4A00B9B28A /* SignUpVC.h */,
				45834EB81F653A4A00B9B28A /* SignUpVC.m */,
				45834E711F60266D00B9B28A /* my.storyboard */,
				45834E741F602A5F00B9B28A /* AvatorTViCell.h */,
				45834E751F602A5F00B9B28A /* AvatorTViCell.m */,
				A4F741591F55AE0200949287 /* MyTableViewCell.h */,
				A4F7415A1F55AE0200949287 /* MyTableViewCell.m */,
				A4F741561F55ACF800949287 /* MyTableViewController.h */,
				A4F741571F55ACF800949287 /* MyTableViewController.m */,
			);
			name = My;
			sourceTree = "<group>";
		};
		B70035D5C6DCC78829FBEF18 /* Frameworks */ = {
			isa = PBXGroup;
			children = (
				A4AC97C31F383A78002A376B /* SystemConfiguration.framework */,
				A4AC97C11F383A70002A376B /* WebKit.framework */,
				8B6D47F66E92AF32F2CFFE40 /* libPods-MLHair.a */,
			);
			name = Frameworks;
			sourceTree = "<group>";
		};
/* End PBXGroup section */

/* Begin PBXNativeTarget section */
		A4AC97361F25AFDA002A376B /* MLHair */ = {
			isa = PBXNativeTarget;
			buildConfigurationList = A4AC974E1F25AFDA002A376B /* Build configuration list for PBXNativeTarget "MLHair" */;
			buildPhases = (
				6C4A5E4F40C94C0AEA2C745F /* [CP] Check Pods Manifest.lock */,
				A4AC97331F25AFDA002A376B /* Sources */,
				A4AC97341F25AFDA002A376B /* Frameworks */,
				A4AC97351F25AFDA002A376B /* Resources */,
				ED3028DFDCBBA65F91DF9010 /* [CP] Embed Pods Frameworks */,
				B911816C461307AFD24ED90D /* [CP] Copy Pods Resources */,
			);
			buildRules = (
			);
			dependencies = (
			);
			name = MLHair;
			productName = MLHair;
			productReference = A4AC97371F25AFDA002A376B /* MLHair.app */;
			productType = "com.apple.product-type.application";
		};
/* End PBXNativeTarget section */

/* Begin PBXProject section */
		A4AC972F1F25AFDA002A376B /* Project object */ = {
			isa = PBXProject;
			attributes = {
				LastUpgradeCheck = 0830;
				ORGANIZATIONNAME = sammi;
				TargetAttributes = {
					A4AC97361F25AFDA002A376B = {
						CreatedOnToolsVersion = 8.3.2;
						DevelopmentTeam = J46ZPGV247;
						LastSwiftMigration = 0830;
						ProvisioningStyle = Automatic;
					};
				};
			};
			buildConfigurationList = A4AC97321F25AFDA002A376B /* Build configuration list for PBXProject "MLHair" */;
			compatibilityVersion = "Xcode 3.2";
			developmentRegion = English;
			hasScannedForEncodings = 0;
			knownRegions = (
				en,
				Base,
			);
			mainGroup = A4AC972E1F25AFDA002A376B;
			productRefGroup = A4AC97381F25AFDA002A376B /* Products */;
			projectDirPath = "";
			projectRoot = "";
			targets = (
				A4AC97361F25AFDA002A376B /* MLHair */,
			);
		};
/* End PBXProject section */

/* Begin PBXResourcesBuildPhase section */
		A4AC97351F25AFDA002A376B /* Resources */ = {
			isa = PBXResourcesBuildPhase;
			buildActionMask = 2147483647;
			files = (
				45834E7D1F6175DC00B9B28A /* Style.storyboard in Resources */,
				A4AC974A1F25AFDA002A376B /* LaunchScreen.storyboard in Resources */,
				45834EBC1F6542DC00B9B28A /* SignUp.storyboard in Resources */,
				A4AC97521F25D57C002A376B /* GoogleService-Info.plist in Resources */,
				45834E731F60266D00B9B28A /* my.storyboard in Resources */,
				45834E701F5D87B300B9B28A /* Booking.storyboard in Resources */,
				A4AC97F81F40F2C0002A376B /* News.storyboard in Resources */,
				45834EB61F65398300B9B28A /* SignIn.storyboard in Resources */,
				A4AC97471F25AFDA002A376B /* Assets.xcassets in Resources */,
				45834E8F1F62A67500B9B28A /* Shop.storyboard in Resources */,
				A4AC97451F25AFDA002A376B /* Main.storyboard in Resources */,
				A4D97F141F5D5D4B00D37FD7 /* Designer.storyboard in Resources */,
			);
			runOnlyForDeploymentPostprocessing = 0;
		};
/* End PBXResourcesBuildPhase section */

/* Begin PBXShellScriptBuildPhase section */
		6C4A5E4F40C94C0AEA2C745F /* [CP] Check Pods Manifest.lock */ = {
			isa = PBXShellScriptBuildPhase;
			buildActionMask = 2147483647;
			files = (
			);
			inputPaths = (
			);
			name = "[CP] Check Pods Manifest.lock";
			outputPaths = (
			);
			runOnlyForDeploymentPostprocessing = 0;
			shellPath = /bin/sh;
			shellScript = "diff \"${PODS_ROOT}/../Podfile.lock\" \"${PODS_ROOT}/Manifest.lock\" > /dev/null\nif [ $? != 0 ] ; then\n    # print error to STDERR\n    echo \"error: The sandbox is not in sync with the Podfile.lock. Run 'pod install' or update your CocoaPods installation.\" >&2\n    exit 1\nfi\n";
			showEnvVarsInLog = 0;
		};
		B911816C461307AFD24ED90D /* [CP] Copy Pods Resources */ = {
			isa = PBXShellScriptBuildPhase;
			buildActionMask = 2147483647;
			files = (
			);
			inputPaths = (
			);
			name = "[CP] Copy Pods Resources";
			outputPaths = (
			);
			runOnlyForDeploymentPostprocessing = 0;
			shellPath = /bin/sh;
			shellScript = "\"${SRCROOT}/Pods/Target Support Files/Pods-MLHair/Pods-MLHair-resources.sh\"\n";
			showEnvVarsInLog = 0;
		};
		ED3028DFDCBBA65F91DF9010 /* [CP] Embed Pods Frameworks */ = {
			isa = PBXShellScriptBuildPhase;
			buildActionMask = 2147483647;
			files = (
			);
			inputPaths = (
			);
			name = "[CP] Embed Pods Frameworks";
			outputPaths = (
			);
			runOnlyForDeploymentPostprocessing = 0;
			shellPath = /bin/sh;
			shellScript = "\"${SRCROOT}/Pods/Target Support Files/Pods-MLHair/Pods-MLHair-frameworks.sh\"\n";
			showEnvVarsInLog = 0;
		};
/* End PBXShellScriptBuildPhase section */

/* Begin PBXSourcesBuildPhase section */
		A4AC97331F25AFDA002A376B /* Sources */ = {
			isa = PBXSourcesBuildPhase;
			buildActionMask = 2147483647;
			files = (
				45834E761F602A5F00B9B28A /* AvatorTViCell.m in Sources */,
				45834E801F62509D00B9B28A /* MemberVO.m in Sources */,
				45834EB31F65309E00B9B28A /* SignInVC.m in Sources */,
				45834E5F1F5D794600B9B28A /* DesignerVC.m in Sources */,
				A4AC97421F25AFDA002A376B /* ViewController.m in Sources */,
				A4F7414F1F468A5100949287 /* StyleViewCell.m in Sources */,
				45834E6E1F5D875600B9B28A /* BookingVC.m in Sources */,
				45834EA11F63C1CD00B9B28A /* ShopTVCell.m in Sources */,
				45834E861F62683E00B9B28A /* DesignerVO.m in Sources */,
				A4AC973F1F25AFDA002A376B /* AppDelegate.m in Sources */,
				A4AC97FF1F40F691002A376B /* DetailViewController.m in Sources */,
				45834EB91F653A4A00B9B28A /* SignUpVC.m in Sources */,
				A4F7415B1F55AE0200949287 /* MyTableViewCell.m in Sources */,
				45834EA71F64233200B9B28A /* MLAnnotion.m in Sources */,
				45834EBF1F661BF700B9B28A /* NewsTVC.m in Sources */,
				45834E921F62A75300B9B28A /* Location.m in Sources */,
				45834E791F61631300B9B28A /* StyleVO.m in Sources */,
				45834E6B1F5D837700B9B28A /* MLHairDatabase.m in Sources */,
				45834EAD1F644FF900B9B28A /* HotCVCell.m in Sources */,
				45834E8C1F62849D00B9B28A /* AdvanceImageView.m in Sources */,
				A4F741581F55ACF800949287 /* MyTableViewController.m in Sources */,
				A4AC97FA1F40F2C0002A376B /* Reachability.m in Sources */,
				A4AC97F91F40F2C0002A376B /* NewsItem.m in Sources */,
				45834E891F627C8700B9B28A /* Http.m in Sources */,
				A4AC973C1F25AFDA002A376B /* main.m in Sources */,
				45834E9E1F63C12500B9B28A /* ShopVC.m in Sources */,
				45834E651F5D7E0900B9B28A /* DesignerVCell.m in Sources */,
				A4F740B81F41D72800949287 /* StyleViewController.m in Sources */,
				A4AC97FB1F40F2C0002A376B /* RSSParserDelegate.m in Sources */,
				45834EAA1F644E6300B9B28A /* HotDelegate.m in Sources */,
				45834E951F62C0F400B9B28A /* MLHairShopVO.m in Sources */,
			);
			runOnlyForDeploymentPostprocessing = 0;
		};
/* End PBXSourcesBuildPhase section */

/* Begin PBXVariantGroup section */
		45834E711F60266D00B9B28A /* my.storyboard */ = {
			isa = PBXVariantGroup;
			children = (
				45834E721F60266D00B9B28A /* Base */,
			);
			name = my.storyboard;
			sourceTree = "<group>";
		};
		45834E7B1F6175DC00B9B28A /* Style.storyboard */ = {
			isa = PBXVariantGroup;
			children = (
				45834E7C1F6175DC00B9B28A /* Base */,
			);
			name = Style.storyboard;
			sourceTree = "<group>";
		};
		45834E8D1F62A67500B9B28A /* Shop.storyboard */ = {
			isa = PBXVariantGroup;
			children = (
				45834E8E1F62A67500B9B28A /* Base */,
			);
			name = Shop.storyboard;
			sourceTree = "<group>";
		};
		45834EB41F65398300B9B28A /* SignIn.storyboard */ = {
			isa = PBXVariantGroup;
			children = (
				45834EB51F65398300B9B28A /* Base */,
			);
			name = SignIn.storyboard;
			sourceTree = "<group>";
		};
		45834EBA1F6542DC00B9B28A /* SignUp.storyboard */ = {
			isa = PBXVariantGroup;
			children = (
				45834EBB1F6542DC00B9B28A /* Base */,
			);
			name = SignUp.storyboard;
			sourceTree = "<group>";
		};
		A4AC97431F25AFDA002A376B /* Main.storyboard */ = {
			isa = PBXVariantGroup;
			children = (
				A4AC97441F25AFDA002A376B /* Base */,
			);
			name = Main.storyboard;
			sourceTree = "<group>";
		};
		A4AC97481F25AFDA002A376B /* LaunchScreen.storyboard */ = {
			isa = PBXVariantGroup;
			children = (
				A4AC97491F25AFDA002A376B /* Base */,
			);
			name = LaunchScreen.storyboard;
			sourceTree = "<group>";
		};
/* End PBXVariantGroup section */

/* Begin XCBuildConfiguration section */
		A4AC974C1F25AFDA002A376B /* Debug */ = {
			isa = XCBuildConfiguration;
			buildSettings = {
				ALWAYS_SEARCH_USER_PATHS = NO;
				CLANG_ANALYZER_NONNULL = YES;
				CLANG_ANALYZER_NUMBER_OBJECT_CONVERSION = YES_AGGRESSIVE;
				CLANG_CXX_LANGUAGE_STANDARD = "gnu++0x";
				CLANG_CXX_LIBRARY = "libc++";
				CLANG_ENABLE_MODULES = YES;
				CLANG_ENABLE_OBJC_ARC = YES;
				CLANG_WARN_BOOL_CONVERSION = YES;
				CLANG_WARN_CONSTANT_CONVERSION = YES;
				CLANG_WARN_DIRECT_OBJC_ISA_USAGE = YES_ERROR;
				CLANG_WARN_DOCUMENTATION_COMMENTS = YES;
				CLANG_WARN_EMPTY_BODY = YES;
				CLANG_WARN_ENUM_CONVERSION = YES;
				CLANG_WARN_INFINITE_RECURSION = YES;
				CLANG_WARN_INT_CONVERSION = YES;
				CLANG_WARN_OBJC_ROOT_CLASS = YES_ERROR;
				CLANG_WARN_SUSPICIOUS_MOVE = YES;
				CLANG_WARN_UNREACHABLE_CODE = YES;
				CLANG_WARN__DUPLICATE_METHOD_MATCH = YES;
				"CODE_SIGN_IDENTITY[sdk=iphoneos*]" = "iPhone Developer";
				COPY_PHASE_STRIP = NO;
				DEBUG_INFORMATION_FORMAT = dwarf;
				ENABLE_STRICT_OBJC_MSGSEND = YES;
				ENABLE_TESTABILITY = YES;
				GCC_C_LANGUAGE_STANDARD = gnu99;
				GCC_DYNAMIC_NO_PIC = NO;
				GCC_NO_COMMON_BLOCKS = YES;
				GCC_OPTIMIZATION_LEVEL = 0;
				GCC_PREPROCESSOR_DEFINITIONS = (
					"DEBUG=1",
					"$(inherited)",
				);
				GCC_WARN_64_TO_32_BIT_CONVERSION = YES;
				GCC_WARN_ABOUT_RETURN_TYPE = YES_ERROR;
				GCC_WARN_UNDECLARED_SELECTOR = YES;
				GCC_WARN_UNINITIALIZED_AUTOS = YES_AGGRESSIVE;
				GCC_WARN_UNUSED_FUNCTION = YES;
				GCC_WARN_UNUSED_VARIABLE = YES;
				IPHONEOS_DEPLOYMENT_TARGET = 10.3;
				MTL_ENABLE_DEBUG_INFO = YES;
				ONLY_ACTIVE_ARCH = YES;
				SDKROOT = iphoneos;
				TARGETED_DEVICE_FAMILY = "1,2";
			};
			name = Debug;
		};
		A4AC974D1F25AFDA002A376B /* Release */ = {
			isa = XCBuildConfiguration;
			buildSettings = {
				ALWAYS_SEARCH_USER_PATHS = NO;
				CLANG_ANALYZER_NONNULL = YES;
				CLANG_ANALYZER_NUMBER_OBJECT_CONVERSION = YES_AGGRESSIVE;
				CLANG_CXX_LANGUAGE_STANDARD = "gnu++0x";
				CLANG_CXX_LIBRARY = "libc++";
				CLANG_ENABLE_MODULES = YES;
				CLANG_ENABLE_OBJC_ARC = YES;
				CLANG_WARN_BOOL_CONVERSION = YES;
				CLANG_WARN_CONSTANT_CONVERSION = YES;
				CLANG_WARN_DIRECT_OBJC_ISA_USAGE = YES_ERROR;
				CLANG_WARN_DOCUMENTATION_COMMENTS = YES;
				CLANG_WARN_EMPTY_BODY = YES;
				CLANG_WARN_ENUM_CONVERSION = YES;
				CLANG_WARN_INFINITE_RECURSION = YES;
				CLANG_WARN_INT_CONVERSION = YES;
				CLANG_WARN_OBJC_ROOT_CLASS = YES_ERROR;
				CLANG_WARN_SUSPICIOUS_MOVE = YES;
				CLANG_WARN_UNREACHABLE_CODE = YES;
				CLANG_WARN__DUPLICATE_METHOD_MATCH = YES;
				"CODE_SIGN_IDENTITY[sdk=iphoneos*]" = "iPhone Developer";
				COPY_PHASE_STRIP = NO;
				DEBUG_INFORMATION_FORMAT = "dwarf-with-dsym";
				ENABLE_NS_ASSERTIONS = NO;
				ENABLE_STRICT_OBJC_MSGSEND = YES;
				GCC_C_LANGUAGE_STANDARD = gnu99;
				GCC_NO_COMMON_BLOCKS = YES;
				GCC_WARN_64_TO_32_BIT_CONVERSION = YES;
				GCC_WARN_ABOUT_RETURN_TYPE = YES_ERROR;
				GCC_WARN_UNDECLARED_SELECTOR = YES;
				GCC_WARN_UNINITIALIZED_AUTOS = YES_AGGRESSIVE;
				GCC_WARN_UNUSED_FUNCTION = YES;
				GCC_WARN_UNUSED_VARIABLE = YES;
				IPHONEOS_DEPLOYMENT_TARGET = 10.3;
				MTL_ENABLE_DEBUG_INFO = NO;
				SDKROOT = iphoneos;
				TARGETED_DEVICE_FAMILY = "1,2";
				VALIDATE_PRODUCT = YES;
			};
			name = Release;
		};
		A4AC974F1F25AFDA002A376B /* Debug */ = {
			isa = XCBuildConfiguration;
			baseConfigurationReference = 72710AD18279D973399A25D9 /* Pods-MLHair.debug.xcconfig */;
			buildSettings = {
				ASSETCATALOG_COMPILER_APPICON_NAME = AppIcon;
				CLANG_ENABLE_MODULES = YES;
				DEVELOPMENT_TEAM = J46ZPGV247;
				INFOPLIST_FILE = MLHair/Info.plist;
				LD_RUNPATH_SEARCH_PATHS = "$(inherited) @executable_path/Frameworks";
				PRODUCT_BUNDLE_IDENTIFIER = com.sammi.MLHair;
				PRODUCT_NAME = "$(TARGET_NAME)";
				SWIFT_OBJC_BRIDGING_HEADER = "MLHair/MLHair-Bridging-Header.h";
				SWIFT_OPTIMIZATION_LEVEL = "-Onone";
				SWIFT_VERSION = 3.0;
			};
			name = Debug;
		};
		A4AC97501F25AFDA002A376B /* Release */ = {
			isa = XCBuildConfiguration;
			baseConfigurationReference = 4A606BEE648606EF106F4E30 /* Pods-MLHair.release.xcconfig */;
			buildSettings = {
				ASSETCATALOG_COMPILER_APPICON_NAME = AppIcon;
				CLANG_ENABLE_MODULES = YES;
				DEVELOPMENT_TEAM = J46ZPGV247;
				INFOPLIST_FILE = MLHair/Info.plist;
				LD_RUNPATH_SEARCH_PATHS = "$(inherited) @executable_path/Frameworks";
				PRODUCT_BUNDLE_IDENTIFIER = com.sammi.MLHair;
				PRODUCT_NAME = "$(TARGET_NAME)";
				SWIFT_OBJC_BRIDGING_HEADER = "MLHair/MLHair-Bridging-Header.h";
				SWIFT_VERSION = 3.0;
			};
			name = Release;
		};
/* End XCBuildConfiguration section */

/* Begin XCConfigurationList section */
		A4AC97321F25AFDA002A376B /* Build configuration list for PBXProject "MLHair" */ = {
			isa = XCConfigurationList;
			buildConfigurations = (
				A4AC974C1F25AFDA002A376B /* Debug */,
				A4AC974D1F25AFDA002A376B /* Release */,
			);
			defaultConfigurationIsVisible = 0;
			defaultConfigurationName = Release;
		};
		A4AC974E1F25AFDA002A376B /* Build configuration list for PBXNativeTarget "MLHair" */ = {
			isa = XCConfigurationList;
			buildConfigurations = (
				A4AC974F1F25AFDA002A376B /* Debug */,
				A4AC97501F25AFDA002A376B /* Release */,
			);
			defaultConfigurationIsVisible = 0;
			defaultConfigurationName = Release;
		};
/* End XCConfigurationList section */
	};
	rootObject = A4AC972F1F25AFDA002A376B /* Project object */;
}
